
Microsoft Visual Studio Solution File, Format Version 12.00
# Visual Studio Version 16
VisualStudioVersion = 16.0.31321.278
MinimumVisualStudioVersion = 10.0.40219.1
Project("{9A19103F-16F7-4668-BE54-9A1E7A4F7556}") = "GoogleDelete", "GoogleDelete.csproj", "{59D054E6-3D71-40DC-BB43-E0AD32D0EBD4}"
EndProject
Global
	GlobalSection(SolutionConfigurationPlatforms) = preSolution
		Debug|Any CPU = Debug|Any CPU
		Debug|x64 = Debug|x64
		Release|Any CPU = Release|Any CPU
		Release|x64 = Release|x64
	EndGlobalSection
	GlobalSection(ProjectConfigurationPlatforms) = postSolution
		{59D054E6-3D71-40DC-BB43-E0AD32D0EBD4}.Debug|Any CPU.ActiveCfg = Debug|Any CPU
		{59D054E6-3D71-40DC-BB43-E0AD32D0EBD4}.Debug|Any CPU.Build.0 = Debug|Any CPU
		{59D054E6-3D71-40DC-BB43-E0AD32D0EBD4}.Debug|x64.ActiveCfg = Debug|x64
		{59D054E6-3D71-40DC-BB43-E0AD32D0EBD4}.Debug|x64.Build.0 = Debug|x64
		{59D054E6-3D71-40DC-BB43-E0AD32D0EBD4}.Release|Any CPU.ActiveCfg = Release|Any CPU
		{59D054E6-3D71-40DC-BB43-E0AD32D0EBD4}.Release|Any CPU.Build.0 = Release|Any CPU
		{59D054E6-3D71-40DC-BB43-E0AD32D0EBD4}.Release|x64.ActiveCfg = Release|x64
		{59D054E6-3D71-40DC-BB43-E0AD32D0EBD4}.Release|x64.Build.0 = Release|x64
	EndGlobalSection
	GlobalSection(SolutionProperties) = preSolution
		HideSolutionNode = FALSE
	EndGlobalSection
	GlobalSection(ExtensibilityGlobals) = postSolution
		SolutionGuid = {73844645-44A3-46B3-B621-F535AE9E5357}
	EndGlobalSection
EndGlobal
